
Microsoft Visual Studio Solution File, Format Version 12.00
# Visual Studio 14
VisualStudioVersion = 14.0.24720.0
MinimumVisualStudioVersion = 10.0.40219.1
Project("{FAE04EC0-301F-11D3-BF4B-00C04F79EFBC}") = "RodHall.RepoSearcher.Web", "RodHall.RepoSearcher.Web\RodHall.RepoSearcher.Web.csproj", "{0ED2182B-9FE8-4EE5-8C67-EA875615627B}"
EndProject
Project("{FAE04EC0-301F-11D3-BF4B-00C04F79EFBC}") = "RodHall.RepoSearcher.Tests", "RodHall.RepoSearcher.Tests\RodHall.RepoSearcher.Tests.csproj", "{E29AA67B-58D1-4D13-A620-65FD06289490}"
EndProject
Project("{FAE04EC0-301F-11D3-BF4B-00C04F79EFBC}") = "RodHall.RepoSearcher.Entities", "RodHall.RepoSearcher.Entities\RodHall.RepoSearcher.Entities.csproj", "{C020F846-A92B-4075-A203-C702CA4A49B1}"
EndProject
Global
	GlobalSection(SolutionConfigurationPlatforms) = preSolution
		Debug|Any CPU = Debug|Any CPU
		Release|Any CPU = Release|Any CPU
	EndGlobalSection
	GlobalSection(ProjectConfigurationPlatforms) = postSolution
		{0ED2182B-9FE8-4EE5-8C67-EA875615627B}.Debug|Any CPU.ActiveCfg = Debug|Any CPU
		{0ED2182B-9FE8-4EE5-8C67-EA875615627B}.Debug|Any CPU.Build.0 = Debug|Any CPU
		{0ED2182B-9FE8-4EE5-8C67-EA875615627B}.Release|Any CPU.ActiveCfg = Release|Any CPU
		{0ED2182B-9FE8-4EE5-8C67-EA875615627B}.Release|Any CPU.Build.0 = Release|Any CPU
		{E29AA67B-58D1-4D13-A620-65FD06289490}.Debug|Any CPU.ActiveCfg = Debug|Any CPU
		{E29AA67B-58D1-4D13-A620-65FD06289490}.Debug|Any CPU.Build.0 = Debug|Any CPU
		{E29AA67B-58D1-4D13-A620-65FD06289490}.Release|Any CPU.ActiveCfg = Release|Any CPU
		{E29AA67B-58D1-4D13-A620-65FD06289490}.Release|Any CPU.Build.0 = Release|Any CPU
		{C020F846-A92B-4075-A203-C702CA4A49B1}.Debug|Any CPU.ActiveCfg = Debug|Any CPU
		{C020F846-A92B-4075-A203-C702CA4A49B1}.Debug|Any CPU.Build.0 = Debug|Any CPU
		{C020F846-A92B-4075-A203-C702CA4A49B1}.Release|Any CPU.ActiveCfg = Release|Any CPU
		{C020F846-A92B-4075-A203-C702CA4A49B1}.Release|Any CPU.Build.0 = Release|Any CPU
	EndGlobalSection
	GlobalSection(SolutionProperties) = preSolution
		HideSolutionNode = FALSE
	EndGlobalSection
	GlobalSection(TeamFoundationVersionControl) = preSolution
		SccNumberOfProjects = 4
		SccEnterpriseProvider = {4CA58AB2-18FA-4F8D-95D4-32DDF27D184C}
		SccTeamFoundationServer = https://nfnproductions.visualstudio.com/defaultcollection
		SccLocalPath0 = .
		SccProjectUniqueName1 = RodHall.RepoSearcher.Tests\\RodHall.RepoSearcher.Tests.csproj
		SccProjectName1 = RodHall.RepoSearcher.Tests
		SccLocalPath1 = RodHall.RepoSearcher.Tests
		SccProjectUniqueName2 = RodHall.RepoSearcher.Web\\RodHall.RepoSearcher.Web.csproj
		SccProjectName2 = RodHall.RepoSearcher.Web
		SccLocalPath2 = RodHall.RepoSearcher.Web
		SccProjectUniqueName3 = RodHall.RepoSearcher.Entities\\RodHall.RepoSearcher.Entities.csproj
		SccProjectName3 = RodHall.RepoSearcher.Entities
		SccLocalPath3 = RodHall.RepoSearcher.Entities
	EndGlobalSection
EndGlobal
